
Microsoft Visual Studio Solution File, Format Version 12.00
# Visual Studio Version 16
VisualStudioVersion = 16.0.30503.244
MinimumVisualStudioVersion = 10.0.40219.1
Project("{9A19103F-16F7-4668-BE54-9A1E7A4F7556}") = "Core", "Core\Core.csproj", "{D29ADF43-459F-487F-BCBF-1FB99F8F1EDC}"
EndProject
Project("{9A19103F-16F7-4668-BE54-9A1E7A4F7556}") = "DataAccess", "DataAccess\DataAccess.csproj", "{C3A8D968-AEC8-457D-BF08-F46D83359E1C}"
EndProject
Project("{9A19103F-16F7-4668-BE54-9A1E7A4F7556}") = "Entities", "Entities\Entities.csproj", "{748A29D5-0C67-4FB0-946A-1D9F58B18CB1}"
EndProject
Project("{9A19103F-16F7-4668-BE54-9A1E7A4F7556}") = "Business", "Business\Business.csproj", "{87F16F75-C35C-4078-8A19-2A72CDC28767}"
EndProject
Project("{FAE04EC0-301F-11D3-BF4B-00C04F79EFBC}") = "WebAPI", "WebAPI\WebAPI.csproj", "{6D8538E8-EF16-4C9F-A46E-44D7C7DC4896}"
EndProject
Global
	GlobalSection(SolutionConfigurationPlatforms) = preSolution
		Debug|Any CPU = Debug|Any CPU
		Release|Any CPU = Release|Any CPU
	EndGlobalSection
	GlobalSection(ProjectConfigurationPlatforms) = postSolution
		{D29ADF43-459F-487F-BCBF-1FB99F8F1EDC}.Debug|Any CPU.ActiveCfg = Debug|Any CPU
		{D29ADF43-459F-487F-BCBF-1FB99F8F1EDC}.Debug|Any CPU.Build.0 = Debug|Any CPU
		{D29ADF43-459F-487F-BCBF-1FB99F8F1EDC}.Release|Any CPU.ActiveCfg = Release|Any CPU
		{D29ADF43-459F-487F-BCBF-1FB99F8F1EDC}.Release|Any CPU.Build.0 = Release|Any CPU
		{C3A8D968-AEC8-457D-BF08-F46D83359E1C}.Debug|Any CPU.ActiveCfg = Debug|Any CPU
		{C3A8D968-AEC8-457D-BF08-F46D83359E1C}.Debug|Any CPU.Build.0 = Debug|Any CPU
		{C3A8D968-AEC8-457D-BF08-F46D83359E1C}.Release|Any CPU.ActiveCfg = Release|Any CPU
		{C3A8D968-AEC8-457D-BF08-F46D83359E1C}.Release|Any CPU.Build.0 = Release|Any CPU
		{748A29D5-0C67-4FB0-946A-1D9F58B18CB1}.Debug|Any CPU.ActiveCfg = Debug|Any CPU
		{748A29D5-0C67-4FB0-946A-1D9F58B18CB1}.Debug|Any CPU.Build.0 = Debug|Any CPU
		{748A29D5-0C67-4FB0-946A-1D9F58B18CB1}.Release|Any CPU.ActiveCfg = Release|Any CPU
		{748A29D5-0C67-4FB0-946A-1D9F58B18CB1}.Release|Any CPU.Build.0 = Release|Any CPU
		{87F16F75-C35C-4078-8A19-2A72CDC28767}.Debug|Any CPU.ActiveCfg = Debug|Any CPU
		{87F16F75-C35C-4078-8A19-2A72CDC28767}.Debug|Any CPU.Build.0 = Debug|Any CPU
		{87F16F75-C35C-4078-8A19-2A72CDC28767}.Release|Any CPU.ActiveCfg = Release|Any CPU
		{87F16F75-C35C-4078-8A19-2A72CDC28767}.Release|Any CPU.Build.0 = Release|Any CPU
		{6D8538E8-EF16-4C9F-A46E-44D7C7DC4896}.Debug|Any CPU.ActiveCfg = Debug|Any CPU
		{6D8538E8-EF16-4C9F-A46E-44D7C7DC4896}.Debug|Any CPU.Build.0 = Debug|Any CPU
		{6D8538E8-EF16-4C9F-A46E-44D7C7DC4896}.Release|Any CPU.ActiveCfg = Release|Any CPU
		{6D8538E8-EF16-4C9F-A46E-44D7C7DC4896}.Release|Any CPU.Build.0 = Release|Any CPU
	EndGlobalSection
	GlobalSection(SolutionProperties) = preSolution
		HideSolutionNode = FALSE
	EndGlobalSection
	GlobalSection(ExtensibilityGlobals) = postSolution
		SolutionGuid = {40B585E7-A074-4D82-B42B-8DC00CDEC2E2}
	EndGlobalSection
EndGlobal
